
Microsoft Visual Studio Solution File, Format Version 12.00
# Visual Studio Version 16
VisualStudioVersion = 16.0.33214.272
MinimumVisualStudioVersion = 10.0.40219.1
Project("{FAE04EC0-301F-11D3-BF4B-00C04F79EFBC}") = "test", "test\test.csproj", "{03852BD7-327B-4FD8-B025-6453D78A86B5}"
EndProject
Global
	GlobalSection(SolutionConfigurationPlatforms) = preSolution
		Debug|Any CPU = Debug|Any CPU
		Release|Any CPU = Release|Any CPU
	EndGlobalSection
	GlobalSection(ProjectConfigurationPlatforms) = postSolution
		{03852BD7-327B-4FD8-B025-6453D78A86B5}.Debug|Any CPU.ActiveCfg = Debug|Any CPU
		{03852BD7-327B-4FD8-B025-6453D78A86B5}.Debug|Any CPU.Build.0 = Debug|Any CPU
		{03852BD7-327B-4FD8-B025-6453D78A86B5}.Release|Any CPU.ActiveCfg = Release|Any CPU
		{03852BD7-327B-4FD8-B025-6453D78A86B5}.Release|Any CPU.Build.0 = Release|Any CPU
	EndGlobalSection
	GlobalSection(SolutionProperties) = preSolution
		HideSolutionNode = FALSE
	EndGlobalSection
	GlobalSection(ExtensibilityGlobals) = postSolution
		SolutionGuid = {4DE447C4-D994-4DDB-9E77-86BDBDF04CBF}
	EndGlobalSection
EndGlobal
